
Microsoft Visual Studio Solution File, Format Version 12.00
# Visual Studio Version 17
VisualStudioVersion = 17.11.35222.181
MinimumVisualStudioVersion = 10.0.40219.1
Project("{FAE04EC0-301F-11D3-BF4B-00C04F79EFBC}") = "BaiTap05", "BaiTap05\BaiTap05.csproj", "{DD9B9AFE-05C9-410A-98A1-57C6AD84C1E8}"
EndProject
Global
	GlobalSection(SolutionConfigurationPlatforms) = preSolution
		Debug|Any CPU = Debug|Any CPU
		Release|Any CPU = Release|Any CPU
	EndGlobalSection
	GlobalSection(ProjectConfigurationPlatforms) = postSolution
		{DD9B9AFE-05C9-410A-98A1-57C6AD84C1E8}.Debug|Any CPU.ActiveCfg = Debug|Any CPU
		{DD9B9AFE-05C9-410A-98A1-57C6AD84C1E8}.Debug|Any CPU.Build.0 = Debug|Any CPU
		{DD9B9AFE-05C9-410A-98A1-57C6AD84C1E8}.Release|Any CPU.ActiveCfg = Release|Any CPU
		{DD9B9AFE-05C9-410A-98A1-57C6AD84C1E8}.Release|Any CPU.Build.0 = Release|Any CPU
	EndGlobalSection
	GlobalSection(SolutionProperties) = preSolution
		HideSolutionNode = FALSE
	EndGlobalSection
	GlobalSection(ExtensibilityGlobals) = postSolution
		SolutionGuid = {864BB1C4-3D25-4879-8A6D-EECC1AB6084C}
	EndGlobalSection
EndGlobal
