
Microsoft Visual Studio Solution File, Format Version 12.00
# Visual Studio Version 17
VisualStudioVersion = 17.11.35219.272
MinimumVisualStudioVersion = 10.0.40219.1
Project("{9A19103F-16F7-4668-BE54-9A1E7A4F7556}") = "BaiTapVeNha", "BaiTap03\BaiTapVeNha.csproj", "{6782C12D-F1FA-4169-86D2-85B6AA9770FF}"
EndProject
Global
	GlobalSection(SolutionConfigurationPlatforms) = preSolution
		Debug|Any CPU = Debug|Any CPU
		Release|Any CPU = Release|Any CPU
	EndGlobalSection
	GlobalSection(ProjectConfigurationPlatforms) = postSolution
		{6782C12D-F1FA-4169-86D2-85B6AA9770FF}.Debug|Any CPU.ActiveCfg = Debug|Any CPU
		{6782C12D-F1FA-4169-86D2-85B6AA9770FF}.Debug|Any CPU.Build.0 = Debug|Any CPU
		{6782C12D-F1FA-4169-86D2-85B6AA9770FF}.Release|Any CPU.ActiveCfg = Release|Any CPU
		{6782C12D-F1FA-4169-86D2-85B6AA9770FF}.Release|Any CPU.Build.0 = Release|Any CPU
	EndGlobalSection
	GlobalSection(SolutionProperties) = preSolution
		HideSolutionNode = FALSE
	EndGlobalSection
	GlobalSection(ExtensibilityGlobals) = postSolution
		SolutionGuid = {DDB40D1A-02B5-447E-AC43-3D332560169F}
	EndGlobalSection
EndGlobal
